
Microsoft Visual Studio Solution File, Format Version 12.00
# Visual Studio Version 16
VisualStudioVersion = 16.0.31911.196
MinimumVisualStudioVersion = 10.0.40219.1
Project("{2150E333-8FDC-42A3-9474-1A3956D46DE8}") = "src", "src", "{05761E04-F843-41E0-80DB-BBFE51002C24}"
EndProject
Project("{2150E333-8FDC-42A3-9474-1A3956D46DE8}") = "tests", "tests", "{63507D8E-BFA9-4724-829F-8F7998A70A3A}"
EndProject
Project("{FAE04EC0-301F-11D3-BF4B-00C04F79EFBC}") = "Alura.LeilaoOnline.Core", "Alura.LeilaoOnline.Core\Alura.LeilaoOnline.Core.csproj", "{E18FFAAA-0BDE-4860-8E17-68157CBB1250}"
EndProject
Project("{FAE04EC0-301F-11D3-BF4B-00C04F79EFBC}") = "Alura.LeilaoOnline.ConsoleApp", "Alura.LeilaoOnline.ConsoleApp\Alura.LeilaoOnline.ConsoleApp.csproj", "{4383B301-7B84-4E9D-A3E6-FB2EBA53B123}"
EndProject
Project("{FAE04EC0-301F-11D3-BF4B-00C04F79EFBC}") = "Alura.LeilaoOnline.Tests", "Alura.LeilaoOnline.Tests\Alura.LeilaoOnline.Tests.csproj", "{AD897E5B-10D3-4F68-A14B-DE716C37FEA7}"
EndProject
Global
	GlobalSection(SolutionConfigurationPlatforms) = preSolution
		Debug|Any CPU = Debug|Any CPU
		Release|Any CPU = Release|Any CPU
	EndGlobalSection
	GlobalSection(ProjectConfigurationPlatforms) = postSolution
		{E18FFAAA-0BDE-4860-8E17-68157CBB1250}.Debug|Any CPU.ActiveCfg = Debug|Any CPU
		{E18FFAAA-0BDE-4860-8E17-68157CBB1250}.Debug|Any CPU.Build.0 = Debug|Any CPU
		{E18FFAAA-0BDE-4860-8E17-68157CBB1250}.Release|Any CPU.ActiveCfg = Release|Any CPU
		{E18FFAAA-0BDE-4860-8E17-68157CBB1250}.Release|Any CPU.Build.0 = Release|Any CPU
		{4383B301-7B84-4E9D-A3E6-FB2EBA53B123}.Debug|Any CPU.ActiveCfg = Debug|Any CPU
		{4383B301-7B84-4E9D-A3E6-FB2EBA53B123}.Debug|Any CPU.Build.0 = Debug|Any CPU
		{4383B301-7B84-4E9D-A3E6-FB2EBA53B123}.Release|Any CPU.ActiveCfg = Release|Any CPU
		{4383B301-7B84-4E9D-A3E6-FB2EBA53B123}.Release|Any CPU.Build.0 = Release|Any CPU
		{AD897E5B-10D3-4F68-A14B-DE716C37FEA7}.Debug|Any CPU.ActiveCfg = Debug|Any CPU
		{AD897E5B-10D3-4F68-A14B-DE716C37FEA7}.Debug|Any CPU.Build.0 = Debug|Any CPU
		{AD897E5B-10D3-4F68-A14B-DE716C37FEA7}.Release|Any CPU.ActiveCfg = Release|Any CPU
		{AD897E5B-10D3-4F68-A14B-DE716C37FEA7}.Release|Any CPU.Build.0 = Release|Any CPU
	EndGlobalSection
	GlobalSection(SolutionProperties) = preSolution
		HideSolutionNode = FALSE
	EndGlobalSection
	GlobalSection(NestedProjects) = preSolution
		{E18FFAAA-0BDE-4860-8E17-68157CBB1250} = {05761E04-F843-41E0-80DB-BBFE51002C24}
		{4383B301-7B84-4E9D-A3E6-FB2EBA53B123} = {63507D8E-BFA9-4724-829F-8F7998A70A3A}
		{AD897E5B-10D3-4F68-A14B-DE716C37FEA7} = {63507D8E-BFA9-4724-829F-8F7998A70A3A}
	EndGlobalSection
	GlobalSection(ExtensibilityGlobals) = postSolution
		SolutionGuid = {33D40A6E-D400-4C25-8B11-864C09DE7AE6}
	EndGlobalSection
EndGlobal
